
Microsoft Visual Studio Solution File, Format Version 12.00
# Visual Studio Version 17
VisualStudioVersion = 17.1.32210.238
MinimumVisualStudioVersion = 10.0.40219.1
Project("{9A19103F-16F7-4668-BE54-9A1E7A4F7556}") = "FizzBuzzWeb", "FizzBuzzWeb.csproj", "{A7E3BCC0-E5B1-4925-8FC4-BE7639C219A4}"
EndProject
Global
	GlobalSection(SolutionConfigurationPlatforms) = preSolution
		Debug|Any CPU = Debug|Any CPU
		Release|Any CPU = Release|Any CPU
	EndGlobalSection
	GlobalSection(ProjectConfigurationPlatforms) = postSolution
		{A7E3BCC0-E5B1-4925-8FC4-BE7639C219A4}.Debug|Any CPU.ActiveCfg = Debug|Any CPU
		{A7E3BCC0-E5B1-4925-8FC4-BE7639C219A4}.Debug|Any CPU.Build.0 = Debug|Any CPU
		{A7E3BCC0-E5B1-4925-8FC4-BE7639C219A4}.Release|Any CPU.ActiveCfg = Release|Any CPU
		{A7E3BCC0-E5B1-4925-8FC4-BE7639C219A4}.Release|Any CPU.Build.0 = Release|Any CPU
	EndGlobalSection
	GlobalSection(SolutionProperties) = preSolution
		HideSolutionNode = FALSE
	EndGlobalSection
	GlobalSection(ExtensibilityGlobals) = postSolution
		SolutionGuid = {8FAF17CD-A2FD-4FAB-A89B-945E5693EC11}
	EndGlobalSection
EndGlobal
